Microsoft Visual Studio Solution File, Format Version 8.00
Project("{FAE04EC0-301F-11D3-BF4B-00C04F79EFBC}") = "OpenPOP", "OpenPOP.csproj", "{75B3E0DF-61C3-4643-AB47-DBE1CFE3D303}"
	ProjectSection(ProjectDependencies) = postProject
	EndProjectSection
EndProject
Project("{FAE04EC0-301F-11D3-BF4B-00C04F79EFBC}") = "MIMEParser", "..\MIMEParser\MIMEParser.csproj", "{CC4C4334-335D-4369-B0ED-F3C17CD57364}"
	ProjectSection(ProjectDependencies) = postProject
	EndProjectSection
EndProject
Project("{FAE04EC0-301F-11D3-BF4B-00C04F79EFBC}") = "POP3Test", "POP3Test\POP3Test.csproj", "{BD8B4861-D0C9-470A-8AA4-3094C5A086B3}"
	ProjectSection(ProjectDependencies) = postProject
	EndProjectSection
EndProject
Project("{FAE04EC0-301F-11D3-BF4B-00C04F79EFBC}") = "TNEFTest", "..\MIMEParser\TNEFTest\TNEFTest.csproj", "{E513953D-B5F0-45FB-A7B8-74609A91639B}"
	ProjectSection(ProjectDependencies) = postProject
	EndProjectSection
EndProject
Global
	GlobalSection(SolutionConfiguration) = preSolution
		Debug = Debug
		Release = Release
	EndGlobalSection
	GlobalSection(ProjectConfiguration) = postSolution
		{75B3E0DF-61C3-4643-AB47-DBE1CFE3D303}.Debug.ActiveCfg = Debug|.NET
		{75B3E0DF-61C3-4643-AB47-DBE1CFE3D303}.Debug.Build.0 = Debug|.NET
		{75B3E0DF-61C3-4643-AB47-DBE1CFE3D303}.Release.ActiveCfg = Release|.NET
		{75B3E0DF-61C3-4643-AB47-DBE1CFE3D303}.Release.Build.0 = Release|.NET
		{CC4C4334-335D-4369-B0ED-F3C17CD57364}.Debug.ActiveCfg = Debug|.NET
		{CC4C4334-335D-4369-B0ED-F3C17CD57364}.Debug.Build.0 = Debug|.NET
		{CC4C4334-335D-4369-B0ED-F3C17CD57364}.Release.ActiveCfg = Release|.NET
		{CC4C4334-335D-4369-B0ED-F3C17CD57364}.Release.Build.0 = Release|.NET
		{BD8B4861-D0C9-470A-8AA4-3094C5A086B3}.Debug.ActiveCfg = Debug|.NET
		{BD8B4861-D0C9-470A-8AA4-3094C5A086B3}.Debug.Build.0 = Debug|.NET
		{BD8B4861-D0C9-470A-8AA4-3094C5A086B3}.Release.ActiveCfg = Release|.NET
		{BD8B4861-D0C9-470A-8AA4-3094C5A086B3}.Release.Build.0 = Release|.NET
		{E513953D-B5F0-45FB-A7B8-74609A91639B}.Debug.ActiveCfg = Debug|.NET
		{E513953D-B5F0-45FB-A7B8-74609A91639B}.Debug.Build.0 = Debug|.NET
		{E513953D-B5F0-45FB-A7B8-74609A91639B}.Release.ActiveCfg = Release|.NET
		{E513953D-B5F0-45FB-A7B8-74609A91639B}.Release.Build.0 = Release|.NET
	EndGlobalSection
	GlobalSection(ExtensibilityGlobals) = postSolution
	EndGlobalSection
	GlobalSection(ExtensibilityAddIns) = postSolution
	EndGlobalSection
EndGlobal
